{
  "requires": true,
  "lockfileVersion": 1,
  "dependencies": {
    "@salesforce-ux/design-system": {
      "version": "2.7.5",
      "resolved": "https://registry.npmjs.org/@salesforce-ux/design-system/-/design-system-2.7.5.tgz",
      "integrity": "sha512-zJBqgIEHEez7ME5bHxTpzVgyxEru/MoKfJOiqUWBVrakJUaVjPbjf/+j4W9KCRF28CMLxz6O3c8sgzTxyXwxZA=="
    }
  }
}
